// !$*UTF8*$!
{
	archiveVersion = 1;
	classes = {
	};
	objectVersion = 56;
	objects = {

/* Begin PBXBuildFile section */
		DBDA7A4D2BB8AFDA0037AFB6 /* AppDelegate.swift in Sources */ = {isa = PBXBuildFile; fileRef = DBDA7A4C2BB8AFDA0037AFB6 /* AppDelegate.swift */; };
		DBDA7A4F2BB8AFDA0037AFB6 /* SceneDelegate.swift in Sources */ = {isa = PBXBuildFile; fileRef = DBDA7A4E2BB8AFDA0037AFB6 /* SceneDelegate.swift */; };
		DBDA7A512BB8AFDA0037AFB6 /* ViewController.swift in Sources */ = {isa = PBXBuildFile; fileRef = DBDA7A502BB8AFDA0037AFB6 /* ViewController.swift */; };
		DBDA7A542BB8AFDA0037AFB6 /* Base in Resources */ = {isa = PBXBuildFile; fileRef = DBDA7A532BB8AFDA0037AFB6 /* Base */; };
		DBDA7A562BB8AFDD0037AFB6 /* Assets.xcassets in Resources */ = {isa = PBXBuildFile; fileRef = DBDA7A552BB8AFDD0037AFB6 /* Assets.xcassets */; };
		DBDA7A592BB8AFDD0037AFB6 /* Base in Resources */ = {isa = PBXBuildFile; fileRef = DBDA7A582BB8AFDD0037AFB6 /* Base */; };
		DBDA7A642BB8AFDD0037AFB6 /* HelloIOSTests.swift in Sources */ = {isa = PBXBuildFile; fileRef = DBDA7A632BB8AFDD0037AFB6 /* HelloIOSTests.swift */; };
		DBDA7A6E2BB8AFDD0037AFB6 /* HelloIOSUITests.swift in Sources */ = {isa = PBXBuildFile; fileRef = DBDA7A6D2BB8AFDD0037AFB6 /* HelloIOSUITests.swift */; };
		DBDA7A702BB8AFDD0037AFB6 /* HelloIOSUITestsLaunchTests.swift in Sources */ = {isa = PBXBuildFile; fileRef = DBDA7A6F2BB8AFDD0037AFB6 /* HelloIOSUITestsLaunchTests.swift */; };
/* End PBXBuildFile section */

/* Begin PBXContainerItemProxy section */
		DBDA7A602BB8AFDD0037AFB6 /* PBXContainerItemProxy */ = {
			isa = PBXContainerItemProxy;
			containerPortal = DBDA7A412BB8AFDA0037AFB6 /* Project object */;
			proxyType = 1;
			remoteGlobalIDString = DBDA7A482BB8AFDA0037AFB6;
			remoteInfo = HelloIOS;
		};
		DBDA7A6A2BB8AFDD0037AFB6 /* PBXContainerItemProxy */ = {
			isa = PBXContainerItemProxy;
			containerPortal = DBDA7A412BB8AFDA0037AFB6 /* Project object */;
			proxyType = 1;
			remoteGlobalIDString = DBDA7A482BB8AFDA0037AFB6;
			remoteInfo = HelloIOS;
		};
/* End PBXContainerItemProxy section */

/* Begin PBXFileReference section */
		DBDA7A492BB8AFDA0037AFB6 /* Hello.app */ = {isa = PBXFileReference; explicitFileType = wrapper.application; includeInIndex = 0; path = Hello.app; sourceTree = BUILT_PRODUCTS_DIR; };
		DBDA7A4C2BB8AFDA0037AFB6 /* AppDelegate.swift */ = {isa = PBXFileReference; lastKnownFileType = sourcecode.swift; path = AppDelegate.swift; sourceTree = "<group>"; };
		DBDA7A4E2BB8AFDA0037AFB6 /* SceneDelegate.swift */ = {isa = PBXFileReference; lastKnownFileType = sourcecode.swift; path = SceneDelegate.swift; sourceTree = "<group>"; };
		DBDA7A502BB8AFDA0037AFB6 /* ViewController.swift */ = {isa = PBXFileReference; lastKnownFileType = sourcecode.swift; path = ViewController.swift; sourceTree = "<group>"; };
		DBDA7A532BB8AFDA0037AFB6 /* Base */ = {isa = PBXFileReference; lastKnownFileType = file.storyboard; name = Base; path = Base.lproj/Main.storyboard; sourceTree = "<group>"; };
		DBDA7A552BB8AFDD0037AFB6 /* Assets.xcassets */ = {isa = PBXFileReference; lastKnownFileType = folder.assetcatalog; path = Assets.xcassets; sourceTree = "<group>"; };
		DBDA7A582BB8AFDD0037AFB6 /* Base */ = {isa = PBXFileReference; lastKnownFileType = file.storyboard; name = Base; path = Base.lproj/LaunchScreen.storyboard; sourceTree = "<group>"; };
		DBDA7A5A2BB8AFDD0037AFB6 /* Info.plist */ = {isa = PBXFileReference; lastKnownFileType = text.plist.xml; path = Info.plist; sourceTree = "<group>"; };
		DBDA7A5F2BB8AFDD0037AFB6 /* HelloTests.xctest */ = {isa = PBXFileReference; explicitFileType = wrapper.cfbundle; includeInIndex = 0; path = HelloTests.xctest; sourceTree = BUILT_PRODUCTS_DIR; };
		DBDA7A632BB8AFDD0037AFB6 /* HelloIOSTests.swift */ = {isa = PBXFileReference; lastKnownFileType = sourcecode.swift; path = HelloIOSTests.swift; sourceTree = "<group>"; };
		DBDA7A692BB8AFDD0037AFB6 /* HelloUITests.xctest */ = {isa = PBXFileReference; explicitFileType = wrapper.cfbundle; includeInIndex = 0; path = HelloUITests.xctest; sourceTree = BUILT_PRODUCTS_DIR; };
		DBDA7A6D2BB8AFDD0037AFB6 /* HelloIOSUITests.swift */ = {isa = PBXFileReference; lastKnownFileType = sourcecode.swift; path = HelloIOSUITests.swift; sourceTree = "<group>"; };
		DBDA7A6F2BB8AFDD0037AFB6 /* HelloIOSUITestsLaunchTests.swift */ = {isa = PBXFileReference; lastKnownFileType = sourcecode.swift; path = HelloIOSUITestsLaunchTests.swift; sourceTree = "<group>"; };
/* End PBXFileReference section */

/* Begin PBXFrameworksBuildPhase section */
		DBDA7A462BB8AFDA0037AFB6 /* Frameworks */ = {
			isa = PBXFrameworksBuildPhase;
			buildActionMask = 2147483647;
			files = (
			);
			runOnlyForDeploymentPostprocessing = 0;
		};
		DBDA7A5C2BB8AFDD0037AFB6 /* Frameworks */ = {
			isa = PBXFrameworksBuildPhase;
			buildActionMask = 2147483647;
			files = (
			);
			runOnlyForDeploymentPostprocessing = 0;
		};
		DBDA7A662BB8AFDD0037AFB6 /* Frameworks */ = {
			isa = PBXFrameworksBuildPhase;
			buildActionMask = 2147483647;
			files = (
			);
			runOnlyForDeploymentPostprocessing = 0;
		};
/* End PBXFrameworksBuildPhase section */

/* Begin PBXGroup section */
		DBDA7A402BB8AFDA0037AFB6 = {
			isa = PBXGroup;
			children = (
				DBDA7A4B2BB8AFDA0037AFB6 /* HelloIOS */,
				DBDA7A622BB8AFDD0037AFB6 /* HelloIOSTests */,
				DBDA7A6C2BB8AFDD0037AFB6 /* HelloIOSUITests */,
				DBDA7A4A2BB8AFDA0037AFB6 /* Products */,
			);
			sourceTree = "<group>";
		};
		DBDA7A4A2BB8AFDA0037AFB6 /* Products */ = {
			isa = PBXGroup;
			children = (
				DBDA7A492BB8AFDA0037AFB6 /* Hello.app */,
				DBDA7A5F2BB8AFDD0037AFB6 /* HelloTests.xctest */,
				DBDA7A692BB8AFDD0037AFB6 /* HelloUITests.xctest */,
			);
			name = Products;
			sourceTree = "<group>";
		};
		DBDA7A4B2BB8AFDA0037AFB6 /* HelloIOS */ = {
			isa = PBXGroup;
			children = (
				DBDA7A4C2BB8AFDA0037AFB6 /* AppDelegate.swift */,
				DBDA7A4E2BB8AFDA0037AFB6 /* SceneDelegate.swift */,
				DBDA7A502BB8AFDA0037AFB6 /* ViewController.swift */,
				DBDA7A522BB8AFDA0037AFB6 /* Main.storyboard */,
				DBDA7A552BB8AFDD0037AFB6 /* Assets.xcassets */,
				DBDA7A572BB8AFDD0037AFB6 /* LaunchScreen.storyboard */,
				DBDA7A5A2BB8AFDD0037AFB6 /* Info.plist */,
			);
			path = HelloIOS;
			sourceTree = "<group>";
		};
		DBDA7A622BB8AFDD0037AFB6 /* HelloIOSTests */ = {
			isa = PBXGroup;
			children = (
				DBDA7A632BB8AFDD0037AFB6 /* HelloIOSTests.swift */,
			);
			path = HelloIOSTests;
			sourceTree = "<group>";
		};
		DBDA7A6C2BB8AFDD0037AFB6 /* HelloIOSUITests */ = {
			isa = PBXGroup;
			children = (
				DBDA7A6D2BB8AFDD0037AFB6 /* HelloIOSUITests.swift */,
				DBDA7A6F2BB8AFDD0037AFB6 /* HelloIOSUITestsLaunchTests.swift */,
			);
			path = HelloIOSUITests;
			sourceTree = "<group>";
		};
/* End PBXGroup section */

/* Begin PBXNativeTarget section */
		DBDA7A482BB8AFDA0037AFB6 /* Hello */ = {
			isa = PBXNativeTarget;
			buildConfigurationList = DBDA7A732BB8AFDD0037AFB6 /* Build configuration list for PBXNativeTarget "Hello" */;
			buildPhases = (
				DBDA7A452BB8AFDA0037AFB6 /* Sources */,
				DBDA7A462BB8AFDA0037AFB6 /* Frameworks */,
				DBDA7A472BB8AFDA0037AFB6 /* Resources */,
			);
			buildRules = (
			);
			dependencies = (
			);
			name = Hello;
			productName = HelloIOS;
			productReference = DBDA7A492BB8AFDA0037AFB6 /* Hello.app */;
			productType = "com.apple.product-type.application";
		};
		DBDA7A5E2BB8AFDD0037AFB6 /* HelloTests */ = {
			isa = PBXNativeTarget;
			buildConfigurationList = DBDA7A762BB8AFDD0037AFB6 /* Build configuration list for PBXNativeTarget "HelloTests" */;
			buildPhases = (
				DBDA7A5B2BB8AFDD0037AFB6 /* Sources */,
				DBDA7A5C2BB8AFDD0037AFB6 /* Frameworks */,
				DBDA7A5D2BB8AFDD0037AFB6 /* Resources */,
			);
			buildRules = (
			);
			dependencies = (
				DBDA7A612BB8AFDD0037AFB6 /* PBXTargetDependency */,
			);
			name = HelloTests;
			productName = HelloIOSTests;
			productReference = DBDA7A5F2BB8AFDD0037AFB6 /* HelloTests.xctest */;
			productType = "com.apple.product-type.bundle.unit-test";
		};
		DBDA7A682BB8AFDD0037AFB6 /* HelloUITests */ = {
			isa = PBXNativeTarget;
			buildConfigurationList = DBDA7A792BB8AFDD0037AFB6 /* Build configuration list for PBXNativeTarget "HelloUITests" */;
			buildPhases = (
				DBDA7A652BB8AFDD0037AFB6 /* Sources */,
				DBDA7A662BB8AFDD0037AFB6 /* Frameworks */,
				DBDA7A672BB8AFDD0037AFB6 /* Resources */,
			);
			buildRules = (
			);
			dependencies = (
				DBDA7A6B2BB8AFDD0037AFB6 /* PBXTargetDependency */,
			);
			name = HelloUITests;
			productName = HelloIOSUITests;
			productReference = DBDA7A692BB8AFDD0037AFB6 /* HelloUITests.xctest */;
			productType = "com.apple.product-type.bundle.ui-testing";
		};
/* End PBXNativeTarget section */

/* Begin PBXProject section */
		DBDA7A412BB8AFDA0037AFB6 /* Project object */ = {
			isa = PBXProject;
			attributes = {
				BuildIndependentTargetsInParallel = 1;
				LastSwiftUpdateCheck = 1530;
				LastUpgradeCheck = 1530;
				TargetAttributes = {
					DBDA7A482BB8AFDA0037AFB6 = {
						CreatedOnToolsVersion = 15.3;
					};
					DBDA7A5E2BB8AFDD0037AFB6 = {
						CreatedOnToolsVersion = 15.3;
						TestTargetID = DBDA7A482BB8AFDA0037AFB6;
					};
					DBDA7A682BB8AFDD0037AFB6 = {
						CreatedOnToolsVersion = 15.3;
						TestTargetID = DBDA7A482BB8AFDA0037AFB6;
					};
				};
			};
			buildConfigurationList = DBDA7A442BB8AFDA0037AFB6 /* Build configuration list for PBXProject "Hello" */;
			compatibilityVersion = "Xcode 14.0";
			developmentRegion = en;
			hasScannedForEncodings = 0;
			knownRegions = (
				en,
				Base,
			);
			mainGroup = DBDA7A402BB8AFDA0037AFB6;
			productRefGroup = DBDA7A4A2BB8AFDA0037AFB6 /* Products */;
			projectDirPath = "";
			projectRoot = "";
			targets = (
				DBDA7A482BB8AFDA0037AFB6 /* Hello */,
				DBDA7A5E2BB8AFDD0037AFB6 /* HelloTests */,
				DBDA7A682BB8AFDD0037AFB6 /* HelloUITests */,
			);
		};
/* End PBXProject section */

/* Begin PBXResourcesBuildPhase section */
		DBDA7A472BB8AFDA0037AFB6 /* Resources */ = {
			isa = PBXResourcesBuildPhase;
			buildActionMask = 2147483647;
			files = (
				DBDA7A562BB8AFDD0037AFB6 /* Assets.xcassets in Resources */,
				DBDA7A592BB8AFDD0037AFB6 /* Base in Resources */,
				DBDA7A542BB8AFDA0037AFB6 /* Base in Resources */,
			);
			runOnlyForDeploymentPostprocessing = 0;
		};
		DBDA7A5D2BB8AFDD0037AFB6 /* Resources */ = {
			isa = PBXResourcesBuildPhase;
			buildActionMask = 2147483647;
			files = (
			);
			runOnlyForDeploymentPostprocessing = 0;
		};
		DBDA7A672BB8AFDD0037AFB6 /* Resources */ = {
			isa = PBXResourcesBuildPhase;
			buildActionMask = 2147483647;
			files = (
			);
			runOnlyForDeploymentPostprocessing = 0;
		};
/* End PBXResourcesBuildPhase section */

/* Begin PBXSourcesBuildPhase section */
		DBDA7A452BB8AFDA0037AFB6 /* Sources */ = {
			isa = PBXSourcesBuildPhase;
			buildActionMask = 2147483647;
			files = (
				DBDA7A512BB8AFDA0037AFB6 /* ViewController.swift in Sources */,
				DBDA7A4D2BB8AFDA0037AFB6 /* AppDelegate.swift in Sources */,
				DBDA7A4F2BB8AFDA0037AFB6 /* SceneDelegate.swift in Sources */,
			);
			runOnlyForDeploymentPostprocessing = 0;
		};
		DBDA7A5B2BB8AFDD0037AFB6 /* Sources */ = {
			isa = PBXSourcesBuildPhase;
			buildActionMask = 2147483647;
			files = (
				DBDA7A642BB8AFDD0037AFB6 /* HelloIOSTests.swift in Sources */,
			);
			runOnlyForDeploymentPostprocessing = 0;
		};
		DBDA7A652BB8AFDD0037AFB6 /* Sources */ = {
			isa = PBXSourcesBuildPhase;
			buildActionMask = 2147483647;
			files = (
				DBDA7A702BB8AFDD0037AFB6 /* HelloIOSUITestsLaunchTests.swift in Sources */,
				DBDA7A6E2BB8AFDD0037AFB6 /* HelloIOSUITests.swift in Sources */,
			);
			runOnlyForDeploymentPostprocessing = 0;
		};
/* End PBXSourcesBuildPhase section */

/* Begin PBXTargetDependency section */
		DBDA7A612BB8AFDD0037AFB6 /* PBXTargetDependency */ = {
			isa = PBXTargetDependency;
			target = DBDA7A482BB8AFDA0037AFB6 /* Hello */;
			targetProxy = DBDA7A602BB8AFDD0037AFB6 /* PBXContainerItemProxy */;
		};
		DBDA7A6B2BB8AFDD0037AFB6 /* PBXTargetDependency */ = {
			isa = PBXTargetDependency;
			target = DBDA7A482BB8AFDA0037AFB6 /* Hello */;
			targetProxy = DBDA7A6A2BB8AFDD0037AFB6 /* PBXContainerItemProxy */;
		};
/* End PBXTargetDependency section */

/* Begin PBXVariantGroup section */
		DBDA7A522BB8AFDA0037AFB6 /* Main.storyboard */ = {
			isa = PBXVariantGroup;
			children = (
				DBDA7A532BB8AFDA0037AFB6 /* Base */,
			);
			name = Main.storyboard;
			sourceTree = "<group>";
		};
		DBDA7A572BB8AFDD0037AFB6 /* LaunchScreen.storyboard */ = {
			isa = PBXVariantGroup;
			children = (
				DBDA7A582BB8AFDD0037AFB6 /* Base */,
			);
			name = LaunchScreen.storyboard;
			sourceTree = "<group>";
		};
/* End PBXVariantGroup section */

/* Begin XCBuildConfiguration section */
		DBDA7A712BB8AFDD0037AFB6 /* Debug */ = {
			isa = XCBuildConfiguration;
			buildSettings = {
				ALWAYS_SEARCH_USER_PATHS = NO;
				ASSETCATALOG_COMPILER_GENERATE_SWIFT_ASSET_SYMBOL_EXTENSIONS = YES;
				CLANG_ANALYZER_NONNULL = YES;
				CLANG_ANALYZER_NUMBER_OBJECT_CONVERSION = YES_AGGRESSIVE;
				CLANG_CXX_LANGUAGE_STANDARD = "gnu++20";
				CLANG_ENABLE_MODULES = YES;
				CLANG_ENABLE_OBJC_ARC = YES;
				CLANG_ENABLE_OBJC_WEAK = YES;
				CLANG_WARN_BLOCK_CAPTURE_AUTORELEASING = YES;
				CLANG_WARN_BOOL_CONVERSION = YES;
				CLANG_WARN_COMMA = YES;
				CLANG_WARN_CONSTANT_CONVERSION = YES;
				CLANG_WARN_DEPRECATED_OBJC_IMPLEMENTATIONS = YES;
				CLANG_WARN_DIRECT_OBJC_ISA_USAGE = YES_ERROR;
				CLANG_WARN_DOCUMENTATION_COMMENTS = YES;
				CLANG_WARN_EMPTY_BODY = YES;
				CLANG_WARN_ENUM_CONVERSION = YES;
				CLANG_WARN_INFINITE_RECURSION = YES;
				CLANG_WARN_INT_CONVERSION = YES;
				CLANG_WARN_NON_LITERAL_NULL_CONVERSION = YES;
				CLANG_WARN_OBJC_IMPLICIT_RETAIN_SELF = YES;
				CLANG_WARN_OBJC_LITERAL_CONVERSION = YES;
				CLANG_WARN_OBJC_ROOT_CLASS = YES_ERROR;
				CLANG_WARN_QUOTED_INCLUDE_IN_FRAMEWORK_HEADER = YES;
				CLANG_WARN_RANGE_LOOP_ANALYSIS = YES;
				CLANG_WARN_STRICT_PROTOTYPES = YES;
				CLANG_WARN_SUSPICIOUS_MOVE = YES;
				CLANG_WARN_UNGUARDED_AVAILABILITY = YES_AGGRESSIVE;
				CLANG_WARN_UNREACHABLE_CODE = YES;
				CLANG_WARN__DUPLICATE_METHOD_MATCH = YES;
				COPY_PHASE_STRIP = NO;
				DEBUG_INFORMATION_FORMAT = dwarf;
				ENABLE_STRICT_OBJC_MSGSEND = YES;
				ENABLE_TESTABILITY = YES;
				ENABLE_USER_SCRIPT_SANDBOXING = YES;
				GCC_C_LANGUAGE_STANDARD = gnu17;
				GCC_DYNAMIC_NO_PIC = NO;
				GCC_NO_COMMON_BLOCKS = YES;
				GCC_OPTIMIZATION_LEVEL = 0;
				GCC_PREPROCESSOR_DEFINITIONS = (
					"DEBUG=1",
					"$(inherited)",
				);
				GCC_WARN_64_TO_32_BIT_CONVERSION = YES;
				GCC_WARN_ABOUT_RETURN_TYPE = YES_ERROR;
				GCC_WARN_UNDECLARED_SELECTOR = YES;
				GCC_WARN_UNINITIALIZED_AUTOS = YES_AGGRESSIVE;
				GCC_WARN_UNUSED_FUNCTION = YES;
				GCC_WARN_UNUSED_VARIABLE = YES;
				IPHONEOS_DEPLOYMENT_TARGET = 17.4;
				LOCALIZATION_PREFERS_STRING_CATALOGS = YES;
				MTL_ENABLE_DEBUG_INFO = INCLUDE_SOURCE;
				MTL_FAST_MATH = YES;
				ONLY_ACTIVE_ARCH = YES;
				SDKROOT = iphoneos;
				SWIFT_ACTIVE_COMPILATION_CONDITIONS = "DEBUG $(inherited)";
				SWIFT_OPTIMIZATION_LEVEL = "-Onone";
			};
			name = Debug;
		};
		DBDA7A722BB8AFDD0037AFB6 /* Release */ = {
			isa = XCBuildConfiguration;
			buildSettings = {
				ALWAYS_SEARCH_USER_PATHS = NO;
				ASSETCATALOG_COMPILER_GENERATE_SWIFT_ASSET_SYMBOL_EXTENSIONS = YES;
				CLANG_ANALYZER_NONNULL = YES;
				CLANG_ANALYZER_NUMBER_OBJECT_CONVERSION = YES_AGGRESSIVE;
				CLANG_CXX_LANGUAGE_STANDARD = "gnu++20";
				CLANG_ENABLE_MODULES = YES;
				CLANG_ENABLE_OBJC_ARC = YES;
				CLANG_ENABLE_OBJC_WEAK = YES;
				CLANG_WARN_BLOCK_CAPTURE_AUTORELEASING = YES;
				CLANG_WARN_BOOL_CONVERSION = YES;
				CLANG_WARN_COMMA = YES;
				CLANG_WARN_CONSTANT_CONVERSION = YES;
				CLANG_WARN_DEPRECATED_OBJC_IMPLEMENTATIONS = YES;
				CLANG_WARN_DIRECT_OBJC_ISA_USAGE = YES_ERROR;
				CLANG_WARN_DOCUMENTATION_COMMENTS = YES;
				CLANG_WARN_EMPTY_BODY = YES;
				CLANG_WARN_ENUM_CONVERSION = YES;
				CLANG_WARN_INFINITE_RECURSION = YES;
				CLANG_WARN_INT_CONVERSION = YES;
				CLANG_WARN_NON_LITERAL_NULL_CONVERSION = YES;
				CLANG_WARN_OBJC_IMPLICIT_RETAIN_SELF = YES;
				CLANG_WARN_OBJC_LITERAL_CONVERSION = YES;
				CLANG_WARN_OBJC_ROOT_CLASS = YES_ERROR;
				CLANG_WARN_QUOTED_INCLUDE_IN_FRAMEWORK_HEADER = YES;
				CLANG_WARN_RANGE_LOOP_ANALYSIS = YES;
				CLANG_WARN_STRICT_PROTOTYPES = YES;
				CLANG_WARN_SUSPICIOUS_MOVE = YES;
				CLANG_WARN_UNGUARDED_AVAILABILITY = YES_AGGRESSIVE;
				CLANG_WARN_UNREACHABLE_CODE = YES;
				CLANG_WARN__DUPLICATE_METHOD_MATCH = YES;
				COPY_PHASE_STRIP = NO;
				DEBUG_INFORMATION_FORMAT = "dwarf-with-dsym";
				ENABLE_NS_ASSERTIONS = NO;
				ENABLE_STRICT_OBJC_MSGSEND = YES;
				ENABLE_USER_SCRIPT_SANDBOXING = YES;
				GCC_C_LANGUAGE_STANDARD = gnu17;
				GCC_NO_COMMON_BLOCKS = YES;
				GCC_WARN_64_TO_32_BIT_CONVERSION = YES;
				GCC_WARN_ABOUT_RETURN_TYPE = YES_ERROR;
				GCC_WARN_UNDECLARED_SELECTOR = YES;
				GCC_WARN_UNINITIALIZED_AUTOS = YES_AGGRESSIVE;
				GCC_WARN_UNUSED_FUNCTION = YES;
				GCC_WARN_UNUSED_VARIABLE = YES;
				IPHONEOS_DEPLOYMENT_TARGET = 17.4;
				LOCALIZATION_PREFERS_STRING_CATALOGS = YES;
				MTL_ENABLE_DEBUG_INFO = NO;
				MTL_FAST_MATH = YES;
				SDKROOT = iphoneos;
				SWIFT_COMPILATION_MODE = wholemodule;
				VALIDATE_PRODUCT = YES;
			};
			name = Release;
		};
		DBDA7A742BB8AFDD0037AFB6 /* Debug */ = {
			isa = XCBuildConfiguration;
			buildSettings = {
				ASSETCATALOG_COMPILER_APPICON_NAME = AppIcon;
				ASSETCATALOG_COMPILER_GLOBAL_ACCENT_COLOR_NAME = AccentColor;
				CODE_SIGN_STYLE = Automatic;
				CURRENT_PROJECT_VERSION = 1;
				GENERATE_INFOPLIST_FILE = YES;
				INFOPLIST_FILE = HelloIOS/Info.plist;
				INFOPLIST_KEY_UIApplicationSupportsIndirectInputEvents = YES;
				INFOPLIST_KEY_UILaunchStoryboardName = LaunchScreen;
				INFOPLIST_KEY_UIMainStoryboardFile = Main;
				INFOPLIST_KEY_UISupportedInterfaceOrientations_iPad = "UIInterfaceOrientationPortrait UIInterfaceOrientationPortraitUpsideDown UIInterfaceOrientationLandscapeLeft UIInterfaceOrientationLandscapeRight";
				INFOPLIST_KEY_UISupportedInterfaceOrientations_iPhone = "UIInterfaceOrientationPortrait UIInterfaceOrientationLandscapeLeft UIInterfaceOrientationLandscapeRight";
				LD_RUNPATH_SEARCH_PATHS = (
					"$(inherited)",
					"@executable_path/Frameworks",
				);
				MARKETING_VERSION = 1.0;
				PRODUCT_BUNDLE_IDENTIFIER = edu.uw.ischool.kmuret.HelloIOS;
				PRODUCT_NAME = "$(TARGET_NAME)";
				SWIFT_EMIT_LOC_STRINGS = YES;
				SWIFT_VERSION = 5.0;
				TARGETED_DEVICE_FAMILY = "1,2";
			};
			name = Debug;
		};
		DBDA7A752BB8AFDD0037AFB6 /* Release */ = {
			isa = XCBuildConfiguration;
			buildSettings = {
				ASSETCATALOG_COMPILER_APPICON_NAME = AppIcon;
				ASSETCATALOG_COMPILER_GLOBAL_ACCENT_COLOR_NAME = AccentColor;
				CODE_SIGN_STYLE = Automatic;
				CURRENT_PROJECT_VERSION = 1;
				GENERATE_INFOPLIST_FILE = YES;
				INFOPLIST_FILE = HelloIOS/Info.plist;
				INFOPLIST_KEY_UIApplicationSupportsIndirectInputEvents = YES;
				INFOPLIST_KEY_UILaunchStoryboardName = LaunchScreen;
				INFOPLIST_KEY_UIMainStoryboardFile = Main;
				INFOPLIST_KEY_UISupportedInterfaceOrientations_iPad = "UIInterfaceOrientationPortrait UIInterfaceOrientationPortraitUpsideDown UIInterfaceOrientationLandscapeLeft UIInterfaceOrientationLandscapeRight";
				INFOPLIST_KEY_UISupportedInterfaceOrientations_iPhone = "UIInterfaceOrientationPortrait UIInterfaceOrientationLandscapeLeft UIInterfaceOrientationLandscapeRight";
				LD_RUNPATH_SEARCH_PATHS = (
					"$(inherited)",
					"@executable_path/Frameworks",
				);
				MARKETING_VERSION = 1.0;
				PRODUCT_BUNDLE_IDENTIFIER = edu.uw.ischool.kmuret.HelloIOS;
				PRODUCT_NAME = "$(TARGET_NAME)";
				SWIFT_EMIT_LOC_STRINGS = YES;
				SWIFT_VERSION = 5.0;
				TARGETED_DEVICE_FAMILY = "1,2";
			};
			name = Release;
		};
		DBDA7A772BB8AFDD0037AFB6 /* Debug */ = {
			isa = XCBuildConfiguration;
			buildSettings = {
				ALWAYS_EMBED_SWIFT_STANDARD_LIBRARIES = YES;
				BUNDLE_LOADER = "$(TEST_HOST)";
				CODE_SIGN_STYLE = Automatic;
				CURRENT_PROJECT_VERSION = 1;
				GENERATE_INFOPLIST_FILE = YES;
				IPHONEOS_DEPLOYMENT_TARGET = 17.4;
				MARKETING_VERSION = 1.0;
				PRODUCT_BUNDLE_IDENTIFIER = edu.uw.ischool.kmuret.HelloIOSTests;
				PRODUCT_NAME = "$(TARGET_NAME)";
				SWIFT_EMIT_LOC_STRINGS = NO;
				SWIFT_VERSION = 5.0;
				TARGETED_DEVICE_FAMILY = "1,2";
				TEST_HOST = "$(BUILT_PRODUCTS_DIR)/Hello.app/$(BUNDLE_EXECUTABLE_FOLDER_PATH)/Hello";
			};
			name = Debug;
		};
		DBDA7A782BB8AFDD0037AFB6 /* Release */ = {
			isa = XCBuildConfiguration;
			buildSettings = {
				ALWAYS_EMBED_SWIFT_STANDARD_LIBRARIES = YES;
				BUNDLE_LOADER = "$(TEST_HOST)";
				CODE_SIGN_STYLE = Automatic;
				CURRENT_PROJECT_VERSION = 1;
				GENERATE_INFOPLIST_FILE = YES;
				IPHONEOS_DEPLOYMENT_TARGET = 17.4;
				MARKETING_VERSION = 1.0;
				PRODUCT_BUNDLE_IDENTIFIER = edu.uw.ischool.kmuret.HelloIOSTests;
				PRODUCT_NAME = "$(TARGET_NAME)";
				SWIFT_EMIT_LOC_STRINGS = NO;
				SWIFT_VERSION = 5.0;
				TARGETED_DEVICE_FAMILY = "1,2";
				TEST_HOST = "$(BUILT_PRODUCTS_DIR)/Hello.app/$(BUNDLE_EXECUTABLE_FOLDER_PATH)/Hello";
			};
			name = Release;
		};
		DBDA7A7A2BB8AFDD0037AFB6 /* Debug */ = {
			isa = XCBuildConfiguration;
			buildSettings = {
				ALWAYS_EMBED_SWIFT_STANDARD_LIBRARIES = YES;
				CODE_SIGN_STYLE = Automatic;
				CURRENT_PROJECT_VERSION = 1;
				GENERATE_INFOPLIST_FILE = YES;
				MARKETING_VERSION = 1.0;
				PRODUCT_BUNDLE_IDENTIFIER = edu.uw.ischool.kmuret.HelloIOSUITests;
				PRODUCT_NAME = "$(TARGET_NAME)";
				SWIFT_EMIT_LOC_STRINGS = NO;
				SWIFT_VERSION = 5.0;
				TARGETED_DEVICE_FAMILY = "1,2";
				TEST_TARGET_NAME = HelloIOS;
			};
			name = Debug;
		};
		DBDA7A7B2BB8AFDD0037AFB6 /* Release */ = {
			isa = XCBuildConfiguration;
			buildSettings = {
				ALWAYS_EMBED_SWIFT_STANDARD_LIBRARIES = YES;
				CODE_SIGN_STYLE = Automatic;
				CURRENT_PROJECT_VERSION = 1;
				GENERATE_INFOPLIST_FILE = YES;
				MARKETING_VERSION = 1.0;
				PRODUCT_BUNDLE_IDENTIFIER = edu.uw.ischool.kmuret.HelloIOSUITests;
				PRODUCT_NAME = "$(TARGET_NAME)";
				SWIFT_EMIT_LOC_STRINGS = NO;
				SWIFT_VERSION = 5.0;
				TARGETED_DEVICE_FAMILY = "1,2";
				TEST_TARGET_NAME = HelloIOS;
			};
			name = Release;
		};
/* End XCBuildConfiguration section */

/* Begin XCConfigurationList section */
		DBDA7A442BB8AFDA0037AFB6 /* Build configuration list for PBXProject "Hello" */ = {
			isa = XCConfigurationList;
			buildConfigurations = (
				DBDA7A712BB8AFDD0037AFB6 /* Debug */,
				DBDA7A722BB8AFDD0037AFB6 /* Release */,
			);
			defaultConfigurationIsVisible = 0;
			defaultConfigurationName = Release;
		};
		DBDA7A732BB8AFDD0037AFB6 /* Build configuration list for PBXNativeTarget "Hello" */ = {
			isa = XCConfigurationList;
			buildConfigurations = (
				DBDA7A742BB8AFDD0037AFB6 /* Debug */,
				DBDA7A752BB8AFDD0037AFB6 /* Release */,
			);
			defaultConfigurationIsVisible = 0;
			defaultConfigurationName = Release;
		};
		DBDA7A762BB8AFDD0037AFB6 /* Build configuration list for PBXNativeTarget "HelloTests" */ = {
			isa = XCConfigurationList;
			buildConfigurations = (
				DBDA7A772BB8AFDD0037AFB6 /* Debug */,
				DBDA7A782BB8AFDD0037AFB6 /* Release */,
			);
			defaultConfigurationIsVisible = 0;
			defaultConfigurationName = Release;
		};
		DBDA7A792BB8AFDD0037AFB6 /* Build configuration list for PBXNativeTarget "HelloUITests" */ = {
			isa = XCConfigurationList;
			buildConfigurations = (
				DBDA7A7A2BB8AFDD0037AFB6 /* Debug */,
				DBDA7A7B2BB8AFDD0037AFB6 /* Release */,
			);
			defaultConfigurationIsVisible = 0;
			defaultConfigurationName = Release;
		};
/* End XCConfigurationList section */
	};
	rootObject = DBDA7A412BB8AFDA0037AFB6 /* Project object */;
}
